<?xml version="1.0" encoding="utf-8"?>
<Project ToolsVersion="4.0" xmlns="http://schemas.microsoft.com/developer/msbuild/2003">
  <ItemGroup>
    <ClCompile Include="Render\Camera.cpp">
      <Filter>Render</Filter>
    </ClCompile>
    <ClCompile Include="Render\Render.cpp">
      <Filter>Render</Filter>
    </ClCompile>
    <ClCompile Include="RenderUtils.cpp" />
    <ClCompile Include="main.cpp" />
    <ClCompile Include="callbacks.cpp" />
    <ClCompile Include="Vector3D.cpp" />
    <ClCompile Include="Particle.cpp" />
    <ClCompile Include="Proyectile.cpp" />
    <ClCompile Include="ParticleSystem.cpp" />
    <ClCompile Include="P_Generators\GeneratorNormal.cpp" />
    <ClCompile Include="P_Generators\GeneratorUniforme.cpp" />
    <ClCompile Include="F_Generators\GravityGenerator.cpp" />
    <ClCompile Include="F_Generators\WindGenerator.cpp" />
    <ClCompile Include="P_Generators\CustomParticleGenerator.cpp" />
    <ClCompile Include="F_Generators\WhirlwindGenerator.cpp" />
    <ClCompile Include="F_Generators\ExplosionGenerator.cpp" />
    <ClCompile Include="Scenes\SceneExplosion.cpp" />
    <ClCompile Include="Scenes\SceneWhirlwind.cpp" />
    <ClCompile Include="Scenes\SceneWind.cpp" />
    <ClCompile Include="Scenes\SceneMuelles.cpp" />
    <ClCompile Include="F_Generators\SpringJoinParticles.cpp" />
    <ClCompile Include="F_Generators\SpringAnchorGenerator.cpp" />
    <ClCompile Include="Scenes\SceneFloating.cpp" />
    <ClCompile Include="F_Generators\FloatingGenerator.cpp" />
    <ClCompile Include="Scenes\SceneTestRB.cpp" />
    <ClCompile Include="Rigidbody\RB_static.cpp" />
    <ClCompile Include="Rigidbody\RB_dynamic.cpp" />
    <ClCompile Include="Rigidbody\RB_Generator.cpp" />
    <ClCompile Include="RB_System.cpp" />
    <ClCompile Include="F_Generators\RB_WindGenerator.cpp" />
  </ItemGroup>
  <ItemGroup>
    <ClInclude Include="core.hpp" />
    <ClInclude Include="Render\Camera.h">
      <Filter>Render</Filter>
    </ClInclude>
    <ClInclude Include="Render\Render.h">
      <Filter>Render</Filter>
    </ClInclude>
    <ClInclude Include="RenderUtils.hpp" />
    <ClInclude Include="callbacks.hpp" />
    <ClInclude Include="Vector3D.h" />
    <ClInclude Include="Particle.h" />
    <ClInclude Include="Proyectile.h" />
    <ClInclude Include="constants.h" />
    <ClInclude Include="ProyectilePool.h" />
    <ClInclude Include="ParticleSystem.h" />
    <ClInclude Include="P_Generators\ParticleGenerator.h" />
    <ClInclude Include="P_Generators\GeneratorNormal.h" />
    <ClInclude Include="CheckML.h" />
    <ClInclude Include="P_Generators\GeneratorUniforme.h" />
    <ClInclude Include="F_Generators\ForceGenerator.h" />
    <ClInclude Include="F_Generators\GravityGenerator.h" />
    <ClInclude Include="F_Generators\WindGenerator.h" />
    <ClInclude Include="F_Generators\WhirlwindGenerator.h" />
    <ClInclude Include="F_Generators\ExplosionGenerator.h" />
    <ClInclude Include="Scenes\Scene.h" />
    <ClInclude Include="Scenes\SceneExplosion.h" />
    <ClInclude Include="Scenes\SceneWhirlwind.h" />
    <ClInclude Include="Scenes\SceneWind.h" />
    <ClInclude Include="Scenes\SceneMuelles.h" />
    <ClInclude Include="F_Generators\SpringJoinParticles.h" />
    <ClInclude Include="F_Generators\SpringAnchorGenerator.h" />
    <ClInclude Include="Scenes\SceneFloating.h" />
    <ClInclude Include="F_Generators\FloatingGenerator.h" />
    <ClInclude Include="Scenes\SceneTestRB.h" />
    <ClInclude Include="Scenes\SceneRB.h" />
    <ClInclude Include="Rigidbody\RB.h" />
    <ClInclude Include="Rigidbody\RB_static.h" />
    <ClInclude Include="Rigidbody\RB_dynamic.h" />
    <ClInclude Include="Rigidbody\RB_Generator.h" />
    <ClInclude Include="RB_System.h" />
    <ClInclude Include="F_Generators\RB_ForceGenerator.h" />
    <ClInclude Include="F_Generators\RB_WindGenerator.h" />
  </ItemGroup>
  <ItemGroup>
    <Filter Include="Render">
      <UniqueIdentifier>{d04b4f9f-5a69-465e-8070-25c6d0bcd3c2}</UniqueIdentifier>
    </Filter>
  </ItemGroup>
</Project>